// !$*UTF8*$!
{
	archiveVersion = 1;
	classes = {
	};
	objectVersion = 46;
	objects = {

/* Begin PBXBuildFile section */
		4032CBFC1F187391003A2F64 /* AppDelegate.swift in Sources */ = {isa = PBXBuildFile; fileRef = 4032CBFB1F187391003A2F64 /* AppDelegate.swift */; };
		4032CBFE1F187391003A2F64 /* ViewController.swift in Sources */ = {isa = PBXBuildFile; fileRef = 4032CBFD1F187391003A2F64 /* ViewController.swift */; };
		4032CC011F187391003A2F64 /* Main.storyboard in Resources */ = {isa = PBXBuildFile; fileRef = 4032CBFF1F187391003A2F64 /* Main.storyboard */; };
		4032CC031F187391003A2F64 /* Assets.xcassets in Resources */ = {isa = PBXBuildFile; fileRef = 4032CC021F187391003A2F64 /* Assets.xcassets */; };
		4032CC061F187391003A2F64 /* LaunchScreen.storyboard in Resources */ = {isa = PBXBuildFile; fileRef = 4032CC041F187391003A2F64 /* LaunchScreen.storyboard */; };
		4032CC111F187391003A2F64 /* HomepwnerTests.swift in Sources */ = {isa = PBXBuildFile; fileRef = 4032CC101F187391003A2F64 /* HomepwnerTests.swift */; };
/* End PBXBuildFile section */

/* Begin PBXContainerItemProxy section */
		4032CC0D1F187391003A2F64 /* PBXContainerItemProxy */ = {
			isa = PBXContainerItemProxy;
			containerPortal = 4032CBF01F187391003A2F64 /* Project object */;
			proxyType = 1;
			remoteGlobalIDString = 4032CBF71F187391003A2F64;
			remoteInfo = Homepwner;
		};
/* End PBXContainerItemProxy section */

/* Begin PBXFileReference section */
		4032CBF81F187391003A2F64 /* Homepwner.app */ = {isa = PBXFileReference; explicitFileType = wrapper.application; includeInIndex = 0; path = Homepwner.app; sourceTree = BUILT_PRODUCTS_DIR; };
		4032CBFB1F187391003A2F64 /* AppDelegate.swift */ = {isa = PBXFileReference; lastKnownFileType = sourcecode.swift; path = AppDelegate.swift; sourceTree = "<group>"; };
		4032CBFD1F187391003A2F64 /* ViewController.swift */ = {isa = PBXFileReference; lastKnownFileType = sourcecode.swift; path = ViewController.swift; sourceTree = "<group>"; };
		4032CC001F187391003A2F64 /* Base */ = {isa = PBXFileReference; lastKnownFileType = file.storyboard; name = Base; path = Base.lproj/Main.storyboard; sourceTree = "<group>"; };
		4032CC021F187391003A2F64 /* Assets.xcassets */ = {isa = PBXFileReference; lastKnownFileType = folder.assetcatalog; path = Assets.xcassets; sourceTree = "<group>"; };
		4032CC051F187391003A2F64 /* Base */ = {isa = PBXFileReference; lastKnownFileType = file.storyboard; name = Base; path = Base.lproj/LaunchScreen.storyboard; sourceTree = "<group>"; };
		4032CC071F187391003A2F64 /* Info.plist */ = {isa = PBXFileReference; lastKnownFileType = text.plist.xml; path = Info.plist; sourceTree = "<group>"; };
		4032CC0C1F187391003A2F64 /* HomepwnerTests.xctest */ = {isa = PBXFileReference; explicitFileType = wrapper.cfbundle; includeInIndex = 0; path = HomepwnerTests.xctest; sourceTree = BUILT_PRODUCTS_DIR; };
		4032CC101F187391003A2F64 /* HomepwnerTests.swift */ = {isa = PBXFileReference; lastKnownFileType = sourcecode.swift; path = HomepwnerTests.swift; sourceTree = "<group>"; };
		4032CC121F187391003A2F64 /* Info.plist */ = {isa = PBXFileReference; lastKnownFileType = text.plist.xml; path = Info.plist; sourceTree = "<group>"; };
/* End PBXFileReference section */

/* Begin PBXFrameworksBuildPhase section */
		4032CBF51F187391003A2F64 /* Frameworks */ = {
			isa = PBXFrameworksBuildPhase;
			buildActionMask = 2147483647;
			files = (
			);
			runOnlyForDeploymentPostprocessing = 0;
		};
		4032CC091F187391003A2F64 /* Frameworks */ = {
			isa = PBXFrameworksBuildPhase;
			buildActionMask = 2147483647;
			files = (
			);
			runOnlyForDeploymentPostprocessing = 0;
		};
/* End PBXFrameworksBuildPhase section */

/* Begin PBXGroup section */
		4032CBEF1F187391003A2F64 = {
			isa = PBXGroup;
			children = (
				4032CBFA1F187391003A2F64 /* Homepwner */,
				4032CC0F1F187391003A2F64 /* HomepwnerTests */,
				4032CBF91F187391003A2F64 /* Products */,
			);
			sourceTree = "<group>";
		};
		4032CBF91F187391003A2F64 /* Products */ = {
			isa = PBXGroup;
			children = (
				4032CBF81F187391003A2F64 /* Homepwner.app */,
				4032CC0C1F187391003A2F64 /* HomepwnerTests.xctest */,
			);
			name = Products;
			sourceTree = "<group>";
		};
		4032CBFA1F187391003A2F64 /* Homepwner */ = {
			isa = PBXGroup;
			children = (
				4032CBFB1F187391003A2F64 /* AppDelegate.swift */,
				4032CBFD1F187391003A2F64 /* ViewController.swift */,
				4032CBFF1F187391003A2F64 /* Main.storyboard */,
				4032CC021F187391003A2F64 /* Assets.xcassets */,
				4032CC041F187391003A2F64 /* LaunchScreen.storyboard */,
				4032CC071F187391003A2F64 /* Info.plist */,
			);
			path = Homepwner;
			sourceTree = "<group>";
		};
		4032CC0F1F187391003A2F64 /* HomepwnerTests */ = {
			isa = PBXGroup;
			children = (
				4032CC101F187391003A2F64 /* HomepwnerTests.swift */,
				4032CC121F187391003A2F64 /* Info.plist */,
			);
			path = HomepwnerTests;
			sourceTree = "<group>";
		};
/* End PBXGroup section */

/* Begin PBXNativeTarget section */
		4032CBF71F187391003A2F64 /* Homepwner */ = {
			isa = PBXNativeTarget;
			buildConfigurationList = 4032CC151F187391003A2F64 /* Build configuration list for PBXNativeTarget "Homepwner" */;
			buildPhases = (
				4032CBF41F187391003A2F64 /* Sources */,
				4032CBF51F187391003A2F64 /* Frameworks */,
				4032CBF61F187391003A2F64 /* Resources */,
			);
			buildRules = (
			);
			dependencies = (
			);
			name = Homepwner;
			productName = Homepwner;
			productReference = 4032CBF81F187391003A2F64 /* Homepwner.app */;
			productType = "com.apple.product-type.application";
		};
		4032CC0B1F187391003A2F64 /* HomepwnerTests */ = {
			isa = PBXNativeTarget;
			buildConfigurationList = 4032CC181F187391003A2F64 /* Build configuration list for PBXNativeTarget "HomepwnerTests" */;
			buildPhases = (
				4032CC081F187391003A2F64 /* Sources */,
				4032CC091F187391003A2F64 /* Frameworks */,
				4032CC0A1F187391003A2F64 /* Resources */,
			);
			buildRules = (
			);
			dependencies = (
				4032CC0E1F187391003A2F64 /* PBXTargetDependency */,
			);
			name = HomepwnerTests;
			productName = HomepwnerTests;
			productReference = 4032CC0C1F187391003A2F64 /* HomepwnerTests.xctest */;
			productType = "com.apple.product-type.bundle.unit-test";
		};
/* End PBXNativeTarget section */

/* Begin PBXProject section */
		4032CBF01F187391003A2F64 /* Project object */ = {
			isa = PBXProject;
			attributes = {
				LastSwiftUpdateCheck = 0830;
				LastUpgradeCheck = 0830;
				ORGANIZATIONNAME = BlackStoneTeam;
				TargetAttributes = {
					4032CBF71F187391003A2F64 = {
						CreatedOnToolsVersion = 8.3.2;
						DevelopmentTeam = 9PZPL5979H;
						ProvisioningStyle = Automatic;
					};
					4032CC0B1F187391003A2F64 = {
						CreatedOnToolsVersion = 8.3.2;
						DevelopmentTeam = 9PZPL5979H;
						ProvisioningStyle = Automatic;
						TestTargetID = 4032CBF71F187391003A2F64;
					};
				};
			};
			buildConfigurationList = 4032CBF31F187391003A2F64 /* Build configuration list for PBXProject "Homepwner" */;
			compatibilityVersion = "Xcode 3.2";
			developmentRegion = English;
			hasScannedForEncodings = 0;
			knownRegions = (
				en,
				Base,
			);
			mainGroup = 4032CBEF1F187391003A2F64;
			productRefGroup = 4032CBF91F187391003A2F64 /* Products */;
			projectDirPath = "";
			projectRoot = "";
			targets = (
				4032CBF71F187391003A2F64 /* Homepwner */,
				4032CC0B1F187391003A2F64 /* HomepwnerTests */,
			);
		};
/* End PBXProject section */

/* Begin PBXResourcesBuildPhase section */
		4032CBF61F187391003A2F64 /* Resources */ = {
			isa = PBXResourcesBuildPhase;
			buildActionMask = 2147483647;
			files = (
				4032CC061F187391003A2F64 /* LaunchScreen.storyboard in Resources */,
				4032CC031F187391003A2F64 /* Assets.xcassets in Resources */,
				4032CC011F187391003A2F64 /* Main.storyboard in Resources */,
			);
			runOnlyForDeploymentPostprocessing = 0;
		};
		4032CC0A1F187391003A2F64 /* Resources */ = {
			isa = PBXResourcesBuildPhase;
			buildActionMask = 2147483647;
			files = (
			);
			runOnlyForDeploymentPostprocessing = 0;
		};
/* End PBXResourcesBuildPhase section */

/* Begin PBXSourcesBuildPhase section */
		4032CBF41F187391003A2F64 /* Sources */ = {
			isa = PBXSourcesBuildPhase;
			buildActionMask = 2147483647;
			files = (
				4032CBFE1F187391003A2F64 /* ViewController.swift in Sources */,
				4032CBFC1F187391003A2F64 /* AppDelegate.swift in Sources */,
			);
			runOnlyForDeploymentPostprocessing = 0;
		};
		4032CC081F187391003A2F64 /* Sources */ = {
			isa = PBXSourcesBuildPhase;
			buildActionMask = 2147483647;
			files = (
				4032CC111F187391003A2F64 /* HomepwnerTests.swift in Sources */,
			);
			runOnlyForDeploymentPostprocessing = 0;
		};
/* End PBXSourcesBuildPhase section */

/* Begin PBXTargetDependency section */
		4032CC0E1F187391003A2F64 /* PBXTargetDependency */ = {
			isa = PBXTargetDependency;
			target = 4032CBF71F187391003A2F64 /* Homepwner */;
			targetProxy = 4032CC0D1F187391003A2F64 /* PBXContainerItemProxy */;
		};
/* End PBXTargetDependency section */

/* Begin PBXVariantGroup section */
		4032CBFF1F187391003A2F64 /* Main.storyboard */ = {
			isa = PBXVariantGroup;
			children = (
				4032CC001F187391003A2F64 /* Base */,
			);
			name = Main.storyboard;
			sourceTree = "<group>";
		};
		4032CC041F187391003A2F64 /* LaunchScreen.storyboard */ = {
			isa = PBXVariantGroup;
			children = (
				4032CC051F187391003A2F64 /* Base */,
			);
			name = LaunchScreen.storyboard;
			sourceTree = "<group>";
		};
/* End PBXVariantGroup section */

/* Begin XCBuildConfiguration section */
		4032CC131F187391003A2F64 /* Debug */ = {
			isa = XCBuildConfiguration;
			buildSettings = {
				ALWAYS_SEARCH_USER_PATHS = NO;
				CLANG_ANALYZER_NONNULL = YES;
				CLANG_ANALYZER_NUMBER_OBJECT_CONVERSION = YES_AGGRESSIVE;
				CLANG_CXX_LANGUAGE_STANDARD = "gnu++0x";
				CLANG_CXX_LIBRARY = "libc++";
				CLANG_ENABLE_MODULES = YES;
				CLANG_ENABLE_OBJC_ARC = YES;
				CLANG_WARN_BOOL_CONVERSION = YES;
				CLANG_WARN_CONSTANT_CONVERSION = YES;
				CLANG_WARN_DIRECT_OBJC_ISA_USAGE = YES_ERROR;
				CLANG_WARN_DOCUMENTATION_COMMENTS = YES;
				CLANG_WARN_EMPTY_BODY = YES;
				CLANG_WARN_ENUM_CONVERSION = YES;
				CLANG_WARN_INFINITE_RECURSION = YES;
				CLANG_WARN_INT_CONVERSION = YES;
				CLANG_WARN_OBJC_ROOT_CLASS = YES_ERROR;
				CLANG_WARN_SUSPICIOUS_MOVE = YES;
				CLANG_WARN_UNREACHABLE_CODE = YES;
				CLANG_WARN__DUPLICATE_METHOD_MATCH = YES;
				"CODE_SIGN_IDENTITY[sdk=iphoneos*]" = "iPhone Developer";
				COPY_PHASE_STRIP = NO;
				DEBUG_INFORMATION_FORMAT = dwarf;
				ENABLE_STRICT_OBJC_MSGSEND = YES;
				ENABLE_TESTABILITY = YES;
				GCC_C_LANGUAGE_STANDARD = gnu99;
				GCC_DYNAMIC_NO_PIC = NO;
				GCC_NO_COMMON_BLOCKS = YES;
				GCC_OPTIMIZATION_LEVEL = 0;
				GCC_PREPROCESSOR_DEFINITIONS = (
					"DEBUG=1",
					"$(inherited)",
				);
				GCC_WARN_64_TO_32_BIT_CONVERSION = YES;
				GCC_WARN_ABOUT_RETURN_TYPE = YES_ERROR;
				GCC_WARN_UNDECLARED_SELECTOR = YES;
				GCC_WARN_UNINITIALIZED_AUTOS = YES_AGGRESSIVE;
				GCC_WARN_UNUSED_FUNCTION = YES;
				GCC_WARN_UNUSED_VARIABLE = YES;
				IPHONEOS_DEPLOYMENT_TARGET = 10.3;
				MTL_ENABLE_DEBUG_INFO = YES;
				ONLY_ACTIVE_ARCH = YES;
				SDKROOT = iphoneos;
				SWIFT_ACTIVE_COMPILATION_CONDITIONS = DEBUG;
				SWIFT_OPTIMIZATION_LEVEL = "-Onone";
			};
			name = Debug;
		};
		4032CC141F187391003A2F64 /* Release */ = {
			isa = XCBuildConfiguration;
			buildSettings = {
				ALWAYS_SEARCH_USER_PATHS = NO;
				CLANG_ANALYZER_NONNULL = YES;
				CLANG_ANALYZER_NUMBER_OBJECT_CONVERSION = YES_AGGRESSIVE;
				CLANG_CXX_LANGUAGE_STANDARD = "gnu++0x";
				CLANG_CXX_LIBRARY = "libc++";
				CLANG_ENABLE_MODULES = YES;
				CLANG_ENABLE_OBJC_ARC = YES;
				CLANG_WARN_BOOL_CONVERSION = YES;
				CLANG_WARN_CONSTANT_CONVERSION = YES;
				CLANG_WARN_DIRECT_OBJC_ISA_USAGE = YES_ERROR;
				CLANG_WARN_DOCUMENTATION_COMMENTS = YES;
				CLANG_WARN_EMPTY_BODY = YES;
				CLANG_WARN_ENUM_CONVERSION = YES;
				CLANG_WARN_INFINITE_RECURSION = YES;
				CLANG_WARN_INT_CONVERSION = YES;
				CLANG_WARN_OBJC_ROOT_CLASS = YES_ERROR;
				CLANG_WARN_SUSPICIOUS_MOVE = YES;
				CLANG_WARN_UNREACHABLE_CODE = YES;
				CLANG_WARN__DUPLICATE_METHOD_MATCH = YES;
				"CODE_SIGN_IDENTITY[sdk=iphoneos*]" = "iPhone Developer";
				COPY_PHASE_STRIP = NO;
				DEBUG_INFORMATION_FORMAT = "dwarf-with-dsym";
				ENABLE_NS_ASSERTIONS = NO;
				ENABLE_STRICT_OBJC_MSGSEND = YES;
				GCC_C_LANGUAGE_STANDARD = gnu99;
				GCC_NO_COMMON_BLOCKS = YES;
				GCC_WARN_64_TO_32_BIT_CONVERSION = YES;
				GCC_WARN_ABOUT_RETURN_TYPE = YES_ERROR;
				GCC_WARN_UNDECLARED_SELECTOR = YES;
				GCC_WARN_UNINITIALIZED_AUTOS = YES_AGGRESSIVE;
				GCC_WARN_UNUSED_FUNCTION = YES;
				GCC_WARN_UNUSED_VARIABLE = YES;
				IPHONEOS_DEPLOYMENT_TARGET = 10.3;
				MTL_ENABLE_DEBUG_INFO = NO;
				SDKROOT = iphoneos;
				SWIFT_OPTIMIZATION_LEVEL = "-Owholemodule";
				VALIDATE_PRODUCT = YES;
			};
			name = Release;
		};
		4032CC161F187391003A2F64 /* Debug */ = {
			isa = XCBuildConfiguration;
			buildSettings = {
				ASSETCATALOG_COMPILER_APPICON_NAME = AppIcon;
				DEVELOPMENT_TEAM = 9PZPL5979H;
				INFOPLIST_FILE = Homepwner/Info.plist;
				LD_RUNPATH_SEARCH_PATHS = "$(inherited) @executable_path/Frameworks";
				PRODUCT_BUNDLE_IDENTIFIER = blackstoneteam.Homepwner;
				PRODUCT_NAME = "$(TARGET_NAME)";
				SWIFT_VERSION = 3.0;
			};
			name = Debug;
		};
		4032CC171F187391003A2F64 /* Release */ = {
			isa = XCBuildConfiguration;
			buildSettings = {
				ASSETCATALOG_COMPILER_APPICON_NAME = AppIcon;
				DEVELOPMENT_TEAM = 9PZPL5979H;
				INFOPLIST_FILE = Homepwner/Info.plist;
				LD_RUNPATH_SEARCH_PATHS = "$(inherited) @executable_path/Frameworks";
				PRODUCT_BUNDLE_IDENTIFIER = blackstoneteam.Homepwner;
				PRODUCT_NAME = "$(TARGET_NAME)";
				SWIFT_VERSION = 3.0;
			};
			name = Release;
		};
		4032CC191F187391003A2F64 /* Debug */ = {
			isa = XCBuildConfiguration;
			buildSettings = {
				ALWAYS_EMBED_SWIFT_STANDARD_LIBRARIES = YES;
				BUNDLE_LOADER = "$(TEST_HOST)";
				DEVELOPMENT_TEAM = 9PZPL5979H;
				INFOPLIST_FILE = HomepwnerTests/Info.plist;
				LD_RUNPATH_SEARCH_PATHS = "$(inherited) @executable_path/Frameworks @loader_path/Frameworks";
				PRODUCT_BUNDLE_IDENTIFIER = blackstoneteam.HomepwnerTests;
				PRODUCT_NAME = "$(TARGET_NAME)";
				SWIFT_VERSION = 3.0;
				TEST_HOST = "$(BUILT_PRODUCTS_DIR)/Homepwner.app/Homepwner";
			};
			name = Debug;
		};
		4032CC1A1F187391003A2F64 /* Release */ = {
			isa = XCBuildConfiguration;
			buildSettings = {
				ALWAYS_EMBED_SWIFT_STANDARD_LIBRARIES = YES;
				BUNDLE_LOADER = "$(TEST_HOST)";
				DEVELOPMENT_TEAM = 9PZPL5979H;
				INFOPLIST_FILE = HomepwnerTests/Info.plist;
				LD_RUNPATH_SEARCH_PATHS = "$(inherited) @executable_path/Frameworks @loader_path/Frameworks";
				PRODUCT_BUNDLE_IDENTIFIER = blackstoneteam.HomepwnerTests;
				PRODUCT_NAME = "$(TARGET_NAME)";
				SWIFT_VERSION = 3.0;
				TEST_HOST = "$(BUILT_PRODUCTS_DIR)/Homepwner.app/Homepwner";
			};
			name = Release;
		};
/* End XCBuildConfiguration section */

/* Begin XCConfigurationList section */
		4032CBF31F187391003A2F64 /* Build configuration list for PBXProject "Homepwner" */ = {
			isa = XCConfigurationList;
			buildConfigurations = (
				4032CC131F187391003A2F64 /* Debug */,
				4032CC141F187391003A2F64 /* Release */,
			);
			defaultConfigurationIsVisible = 0;
			defaultConfigurationName = Release;
		};
		4032CC151F187391003A2F64 /* Build configuration list for PBXNativeTarget "Homepwner" */ = {
			isa = XCConfigurationList;
			buildConfigurations = (
				4032CC161F187391003A2F64 /* Debug */,
				4032CC171F187391003A2F64 /* Release */,
			);
			defaultConfigurationIsVisible = 0;
		};
		4032CC181F187391003A2F64 /* Build configuration list for PBXNativeTarget "HomepwnerTests" */ = {
			isa = XCConfigurationList;
			buildConfigurations = (
				4032CC191F187391003A2F64 /* Debug */,
				4032CC1A1F187391003A2F64 /* Release */,
			);
			defaultConfigurationIsVisible = 0;
		};
/* End XCConfigurationList section */
	};
	rootObject = 4032CBF01F187391003A2F64 /* Project object */;
}
